// !$*UTF8*$!
{
	archiveVersion = 1;
	classes = {
	};
	objectVersion = 46;
	objects = {

/* Begin PBXBuildFile section */
		AC235FF71BB4F577000AEA40 /* ConnectViewController.swift in Sources */ = {isa = PBXBuildFile; fileRef = AC235FF61BB4F577000AEA40 /* ConnectViewController.swift */; };
		AC26A22B1BB0ED3A0068EFE3 /* AppDelegate.swift in Sources */ = {isa = PBXBuildFile; fileRef = AC26A22A1BB0ED3A0068EFE3 /* AppDelegate.swift */; };
		AC26A2301BB0ED3A0068EFE3 /* Main.storyboard in Resources */ = {isa = PBXBuildFile; fileRef = AC26A22E1BB0ED3A0068EFE3 /* Main.storyboard */; };
		AC26A2331BB0ED3A0068EFE3 /* Model.xcdatamodeld in Sources */ = {isa = PBXBuildFile; fileRef = AC26A2311BB0ED3A0068EFE3 /* Model.xcdatamodeld */; };
		AC26A2351BB0ED3A0068EFE3 /* Assets.xcassets in Resources */ = {isa = PBXBuildFile; fileRef = AC26A2341BB0ED3A0068EFE3 /* Assets.xcassets */; };
		AC26A2381BB0ED3A0068EFE3 /* LaunchScreen.storyboard in Resources */ = {isa = PBXBuildFile; fileRef = AC26A2361BB0ED3A0068EFE3 /* LaunchScreen.storyboard */; };
		AC26A2431BB0ED3B0068EFE3 /* WeTrainersTests.swift in Sources */ = {isa = PBXBuildFile; fileRef = AC26A2421BB0ED3B0068EFE3 /* WeTrainersTests.swift */; };
		AC26A24E1BB0ED3B0068EFE3 /* WeTrainersUITests.swift in Sources */ = {isa = PBXBuildFile; fileRef = AC26A24D1BB0ED3B0068EFE3 /* WeTrainersUITests.swift */; };
		AC26F2CD1BDE6463003E9B4E /* MessageUI.framework in Frameworks */ = {isa = PBXBuildFile; fileRef = AC26F2CC1BDE6463003E9B4E /* MessageUI.framework */; };
		AC26F2D11BDE7807003E9B4E /* TrainerProfileViewController.swift in Sources */ = {isa = PBXBuildFile; fileRef = AC26F2D01BDE7807003E9B4E /* TrainerProfileViewController.swift */; };
		AC71A0CA1BE409B600F7988D /* LocationPhiladelphia.gpx in Resources */ = {isa = PBXBuildFile; fileRef = AC71A0C91BE409B600F7988D /* LocationPhiladelphia.gpx */; };
		AC9F6F791BBE2CEE00F91B92 /* Constants.swift in Sources */ = {isa = PBXBuildFile; fileRef = AC9F6F781BBE2CEE00F91B92 /* Constants.swift */; };
		AC9F6F7B1BBE2E3100F91B92 /* TrainingRequestCell.swift in Sources */ = {isa = PBXBuildFile; fileRef = AC9F6F7A1BBE2E3100F91B92 /* TrainingRequestCell.swift */; };
		AC9F6F7D1BBE356B00F91B92 /* ClientInfoViewController.swift in Sources */ = {isa = PBXBuildFile; fileRef = AC9F6F7C1BBE356B00F91B92 /* ClientInfoViewController.swift */; };
		ACEA83EE1BE4018100D0CFFE /* UIViewController+Utils.swift in Sources */ = {isa = PBXBuildFile; fileRef = ACEA83ED1BE4018100D0CFFE /* UIViewController+Utils.swift */; };
		ACFA6F111BB41D6100AC3927 /* LoginViewController.swift in Sources */ = {isa = PBXBuildFile; fileRef = ACFA6F101BB41D6100AC3927 /* LoginViewController.swift */; };
		ACFA6F141BB42CC100AC3927 /* SignupViewController.swift in Sources */ = {isa = PBXBuildFile; fileRef = ACFA6F131BB42CC100AC3927 /* SignupViewController.swift */; };
		D85DF688BAA691AA4613E87E /* Pods.framework in Frameworks */ = {isa = PBXBuildFile; fileRef = 1FBE5EDDF73FB68B5782D451 /* Pods.framework */; settings = {ATTRIBUTES = (Weak, ); }; };
/* End PBXBuildFile section */

/* Begin PBXContainerItemProxy section */
		AC26A23F1BB0ED3B0068EFE3 /* PBXContainerItemProxy */ = {
			isa = PBXContainerItemProxy;
			containerPortal = AC26A21F1BB0ED3A0068EFE3 /* Project object */;
			proxyType = 1;
			remoteGlobalIDString = AC26A2261BB0ED3A0068EFE3;
			remoteInfo = WeTrainers;
		};
		AC26A24A1BB0ED3B0068EFE3 /* PBXContainerItemProxy */ = {
			isa = PBXContainerItemProxy;
			containerPortal = AC26A21F1BB0ED3A0068EFE3 /* Project object */;
			proxyType = 1;
			remoteGlobalIDString = AC26A2261BB0ED3A0068EFE3;
			remoteInfo = WeTrainers;
		};
/* End PBXContainerItemProxy section */

/* Begin PBXFileReference section */
		150346556E958FA747E2755F /* Pods.debug.xcconfig */ = {isa = PBXFileReference; includeInIndex = 1; lastKnownFileType = text.xcconfig; name = Pods.debug.xcconfig; path = "Pods/Target Support Files/Pods/Pods.debug.xcconfig"; sourceTree = "<group>"; };
		1A28A66F01E4403D66FC9EE0 /* Pods.release.xcconfig */ = {isa = PBXFileReference; includeInIndex = 1; lastKnownFileType = text.xcconfig; name = Pods.release.xcconfig; path = "Pods/Target Support Files/Pods/Pods.release.xcconfig"; sourceTree = "<group>"; };
		1FBE5EDDF73FB68B5782D451 /* Pods.framework */ = {isa = PBXFileReference; explicitFileType = wrapper.framework; includeInIndex = 0; path = Pods.framework; sourceTree = BUILT_PRODUCTS_DIR; };
		AC235FF61BB4F577000AEA40 /* ConnectViewController.swift */ = {isa = PBXFileReference; fileEncoding = 4; lastKnownFileType = sourcecode.swift; path = ConnectViewController.swift; sourceTree = "<group>"; };
		AC26A2271BB0ED3A0068EFE3 /* WeTrainers.app */ = {isa = PBXFileReference; explicitFileType = wrapper.application; includeInIndex = 0; path = WeTrainers.app; sourceTree = BUILT_PRODUCTS_DIR; };
		AC26A22A1BB0ED3A0068EFE3 /* AppDelegate.swift */ = {isa = PBXFileReference; lastKnownFileType = sourcecode.swift; path = AppDelegate.swift; sourceTree = "<group>"; };
		AC26A22F1BB0ED3A0068EFE3 /* Base */ = {isa = PBXFileReference; lastKnownFileType = file.storyboard; name = Base; path = Base.lproj/Main.storyboard; sourceTree = "<group>"; };
		AC26A2321BB0ED3A0068EFE3 /* Model.xcdatamodel */ = {isa = PBXFileReference; lastKnownFileType = wrapper.xcdatamodel; path = Model.xcdatamodel; sourceTree = "<group>"; };
		AC26A2341BB0ED3A0068EFE3 /* Assets.xcassets */ = {isa = PBXFileReference; lastKnownFileType = folder.assetcatalog; path = Assets.xcassets; sourceTree = "<group>"; };
		AC26A2371BB0ED3A0068EFE3 /* Base */ = {isa = PBXFileReference; lastKnownFileType = file.storyboard; name = Base; path = Base.lproj/LaunchScreen.storyboard; sourceTree = "<group>"; };
		AC26A2391BB0ED3A0068EFE3 /* Info.plist */ = {isa = PBXFileReference; lastKnownFileType = text.plist.xml; path = Info.plist; sourceTree = "<group>"; };
		AC26A23E1BB0ED3B0068EFE3 /* WeTrainersTests.xctest */ = {isa = PBXFileReference; explicitFileType = wrapper.cfbundle; includeInIndex = 0; path = WeTrainersTests.xctest; sourceTree = BUILT_PRODUCTS_DIR; };
		AC26A2421BB0ED3B0068EFE3 /* WeTrainersTests.swift */ = {isa = PBXFileReference; lastKnownFileType = sourcecode.swift; path = WeTrainersTests.swift; sourceTree = "<group>"; };
		AC26A2441BB0ED3B0068EFE3 /* Info.plist */ = {isa = PBXFileReference; lastKnownFileType = text.plist.xml; path = Info.plist; sourceTree = "<group>"; };
		AC26A2491BB0ED3B0068EFE3 /* WeTrainersUITests.xctest */ = {isa = PBXFileReference; explicitFileType = wrapper.cfbundle; includeInIndex = 0; path = WeTrainersUITests.xctest; sourceTree = BUILT_PRODUCTS_DIR; };
		AC26A24D1BB0ED3B0068EFE3 /* WeTrainersUITests.swift */ = {isa = PBXFileReference; lastKnownFileType = sourcecode.swift; path = WeTrainersUITests.swift; sourceTree = "<group>"; };
		AC26A24F1BB0ED3B0068EFE3 /* Info.plist */ = {isa = PBXFileReference; lastKnownFileType = text.plist.xml; path = Info.plist; sourceTree = "<group>"; };
		AC26F2CC1BDE6463003E9B4E /* MessageUI.framework */ = {isa = PBXFileReference; lastKnownFileType = wrapper.framework; name = MessageUI.framework; path = System/Library/Frameworks/MessageUI.framework; sourceTree = SDKROOT; };
		AC26F2D01BDE7807003E9B4E /* TrainerProfileViewController.swift */ = {isa = PBXFileReference; fileEncoding = 4; lastKnownFileType = sourcecode.swift; path = TrainerProfileViewController.swift; sourceTree = "<group>"; };
		AC71A0C91BE409B600F7988D /* LocationPhiladelphia.gpx */ = {isa = PBXFileReference; fileEncoding = 4; lastKnownFileType = text.xml; name = LocationPhiladelphia.gpx; path = ../../WeTrain/LocationPhiladelphia.gpx; sourceTree = "<group>"; };
		AC9F6F781BBE2CEE00F91B92 /* Constants.swift */ = {isa = PBXFileReference; fileEncoding = 4; lastKnownFileType = sourcecode.swift; name = Constants.swift; path = ../../WeTrain/Constants.swift; sourceTree = "<group>"; };
		AC9F6F7A1BBE2E3100F91B92 /* TrainingRequestCell.swift */ = {isa = PBXFileReference; fileEncoding = 4; lastKnownFileType = sourcecode.swift; path = TrainingRequestCell.swift; sourceTree = "<group>"; };
		AC9F6F7C1BBE356B00F91B92 /* ClientInfoViewController.swift */ = {isa = PBXFileReference; fileEncoding = 4; lastKnownFileType = sourcecode.swift; path = ClientInfoViewController.swift; sourceTree = "<group>"; };
		ACEA83ED1BE4018100D0CFFE /* UIViewController+Utils.swift */ = {isa = PBXFileReference; fileEncoding = 4; lastKnownFileType = sourcecode.swift; name = "UIViewController+Utils.swift"; path = "../../WeTrain/UIViewController+Utils.swift"; sourceTree = "<group>"; };
		ACFA6F101BB41D6100AC3927 /* LoginViewController.swift */ = {isa = PBXFileReference; fileEncoding = 4; lastKnownFileType = sourcecode.swift; path = LoginViewController.swift; sourceTree = "<group>"; };
		ACFA6F131BB42CC100AC3927 /* SignupViewController.swift */ = {isa = PBXFileReference; fileEncoding = 4; lastKnownFileType = sourcecode.swift; path = SignupViewController.swift; sourceTree = "<group>"; };
/* End PBXFileReference section */

/* Begin PBXFrameworksBuildPhase section */
		AC26A2241BB0ED3A0068EFE3 /* Frameworks */ = {
			isa = PBXFrameworksBuildPhase;
			buildActionMask = 2147483647;
			files = (
				AC26F2CD1BDE6463003E9B4E /* MessageUI.framework in Frameworks */,
				D85DF688BAA691AA4613E87E /* Pods.framework in Frameworks */,
			);
			runOnlyForDeploymentPostprocessing = 0;
		};
		AC26A23B1BB0ED3B0068EFE3 /* Frameworks */ = {
			isa = PBXFrameworksBuildPhase;
			buildActionMask = 2147483647;
			files = (
			);
			runOnlyForDeploymentPostprocessing = 0;
		};
		AC26A2461BB0ED3B0068EFE3 /* Frameworks */ = {
			isa = PBXFrameworksBuildPhase;
			buildActionMask = 2147483647;
			files = (
			);
			runOnlyForDeploymentPostprocessing = 0;
		};
/* End PBXFrameworksBuildPhase section */

/* Begin PBXGroup section */
		219E97399EED09F90D60176A /* Pods */ = {
			isa = PBXGroup;
			children = (
				150346556E958FA747E2755F /* Pods.debug.xcconfig */,
				1A28A66F01E4403D66FC9EE0 /* Pods.release.xcconfig */,
			);
			name = Pods;
			sourceTree = "<group>";
		};
		71ECB2DB9291E33A5FD455FB /* Frameworks */ = {
			isa = PBXGroup;
			children = (
				AC26F2CC1BDE6463003E9B4E /* MessageUI.framework */,
				1FBE5EDDF73FB68B5782D451 /* Pods.framework */,
			);
			name = Frameworks;
			sourceTree = "<group>";
		};
		AC26A21E1BB0ED3A0068EFE3 = {
			isa = PBXGroup;
			children = (
				AC26A2291BB0ED3A0068EFE3 /* WeTrainers */,
				AC26A2411BB0ED3B0068EFE3 /* WeTrainersTests */,
				AC26A24C1BB0ED3B0068EFE3 /* WeTrainersUITests */,
				AC26A2281BB0ED3A0068EFE3 /* Products */,
				219E97399EED09F90D60176A /* Pods */,
				71ECB2DB9291E33A5FD455FB /* Frameworks */,
			);
			sourceTree = "<group>";
		};
		AC26A2281BB0ED3A0068EFE3 /* Products */ = {
			isa = PBXGroup;
			children = (
				AC26A2271BB0ED3A0068EFE3 /* WeTrainers.app */,
				AC26A23E1BB0ED3B0068EFE3 /* WeTrainersTests.xctest */,
				AC26A2491BB0ED3B0068EFE3 /* WeTrainersUITests.xctest */,
			);
			name = Products;
			sourceTree = "<group>";
		};
		AC26A2291BB0ED3A0068EFE3 /* WeTrainers */ = {
			isa = PBXGroup;
			children = (
				ACEA83EC1BE4017300D0CFFE /* Utils */,
				AC26A2311BB0ED3A0068EFE3 /* Model.xcdatamodeld */,
				AC26A22E1BB0ED3A0068EFE3 /* Main.storyboard */,
				AC26A22A1BB0ED3A0068EFE3 /* AppDelegate.swift */,
				ACFA6F101BB41D6100AC3927 /* LoginViewController.swift */,
				ACFA6F131BB42CC100AC3927 /* SignupViewController.swift */,
				AC235FF61BB4F577000AEA40 /* ConnectViewController.swift */,
				AC9F6F7A1BBE2E3100F91B92 /* TrainingRequestCell.swift */,
				AC9F6F7C1BBE356B00F91B92 /* ClientInfoViewController.swift */,
				AC26F2D01BDE7807003E9B4E /* TrainerProfileViewController.swift */,
				ACFA6F121BB42C3400AC3927 /* Supporting Files */,
			);
			path = WeTrainers;
			sourceTree = "<group>";
		};
		AC26A2411BB0ED3B0068EFE3 /* WeTrainersTests */ = {
			isa = PBXGroup;
			children = (
				AC26A2421BB0ED3B0068EFE3 /* WeTrainersTests.swift */,
				AC26A2441BB0ED3B0068EFE3 /* Info.plist */,
			);
			path = WeTrainersTests;
			sourceTree = "<group>";
		};
		AC26A24C1BB0ED3B0068EFE3 /* WeTrainersUITests */ = {
			isa = PBXGroup;
			children = (
				AC26A24D1BB0ED3B0068EFE3 /* WeTrainersUITests.swift */,
				AC26A24F1BB0ED3B0068EFE3 /* Info.plist */,
			);
			path = WeTrainersUITests;
			sourceTree = "<group>";
		};
		ACEA83EC1BE4017300D0CFFE /* Utils */ = {
			isa = PBXGroup;
			children = (
				ACEA83ED1BE4018100D0CFFE /* UIViewController+Utils.swift */,
			);
			name = Utils;
			sourceTree = "<group>";
		};
		ACFA6F121BB42C3400AC3927 /* Supporting Files */ = {
			isa = PBXGroup;
			children = (
				AC71A0C91BE409B600F7988D /* LocationPhiladelphia.gpx */,
				AC9F6F781BBE2CEE00F91B92 /* Constants.swift */,
				AC26A2341BB0ED3A0068EFE3 /* Assets.xcassets */,
				AC26A2361BB0ED3A0068EFE3 /* LaunchScreen.storyboard */,
				AC26A2391BB0ED3A0068EFE3 /* Info.plist */,
			);
			name = "Supporting Files";
			sourceTree = "<group>";
		};
/* End PBXGroup section */

/* Begin PBXNativeTarget section */
		AC26A2261BB0ED3A0068EFE3 /* WeTrainers */ = {
			isa = PBXNativeTarget;
			buildConfigurationList = AC26A2521BB0ED3B0068EFE3 /* Build configuration list for PBXNativeTarget "WeTrainers" */;
			buildPhases = (
				97EB4FE62671A996FC3FC4A5 /* Check Pods Manifest.lock */,
				AC26A2231BB0ED3A0068EFE3 /* Sources */,
				AC26A2241BB0ED3A0068EFE3 /* Frameworks */,
				AC26A2251BB0ED3A0068EFE3 /* Resources */,
				4518479C4954078792B17B4B /* Copy Pods Resources */,
				C29F58761C5D7285F5C0142B /* Embed Pods Frameworks */,
				AC7A09FB1BBA02FB00583DA6 /* ShellScript */,
			);
			buildRules = (
			);
			dependencies = (
			);
			name = WeTrainers;
			productName = WeTrainers;
			productReference = AC26A2271BB0ED3A0068EFE3 /* WeTrainers.app */;
			productType = "com.apple.product-type.application";
		};
		AC26A23D1BB0ED3B0068EFE3 /* WeTrainersTests */ = {
			isa = PBXNativeTarget;
			buildConfigurationList = AC26A2551BB0ED3B0068EFE3 /* Build configuration list for PBXNativeTarget "WeTrainersTests" */;
			buildPhases = (
				AC26A23A1BB0ED3B0068EFE3 /* Sources */,
				AC26A23B1BB0ED3B0068EFE3 /* Frameworks */,
				AC26A23C1BB0ED3B0068EFE3 /* Resources */,
			);
			buildRules = (
			);
			dependencies = (
				AC26A2401BB0ED3B0068EFE3 /* PBXTargetDependency */,
			);
			name = WeTrainersTests;
			productName = WeTrainersTests;
			productReference = AC26A23E1BB0ED3B0068EFE3 /* WeTrainersTests.xctest */;
			productType = "com.apple.product-type.bundle.unit-test";
		};
		AC26A2481BB0ED3B0068EFE3 /* WeTrainersUITests */ = {
			isa = PBXNativeTarget;
			buildConfigurationList = AC26A2581BB0ED3B0068EFE3 /* Build configuration list for PBXNativeTarget "WeTrainersUITests" */;
			buildPhases = (
				AC26A2451BB0ED3B0068EFE3 /* Sources */,
				AC26A2461BB0ED3B0068EFE3 /* Frameworks */,
				AC26A2471BB0ED3B0068EFE3 /* Resources */,
			);
			buildRules = (
			);
			dependencies = (
				AC26A24B1BB0ED3B0068EFE3 /* PBXTargetDependency */,
			);
			name = WeTrainersUITests;
			productName = WeTrainersUITests;
			productReference = AC26A2491BB0ED3B0068EFE3 /* WeTrainersUITests.xctest */;
			productType = "com.apple.product-type.bundle.ui-testing";
		};
/* End PBXNativeTarget section */

/* Begin PBXProject section */
		AC26A21F1BB0ED3A0068EFE3 /* Project object */ = {
			isa = PBXProject;
			attributes = {
				LastUpgradeCheck = 0700;
				ORGANIZATIONNAME = "Bobby Ren";
				TargetAttributes = {
					AC26A2261BB0ED3A0068EFE3 = {
						CreatedOnToolsVersion = 7.0;
						DevelopmentTeam = 46R7H433J6;
						SystemCapabilities = {
							com.apple.Push = {
								enabled = 1;
							};
						};
					};
					AC26A23D1BB0ED3B0068EFE3 = {
						CreatedOnToolsVersion = 7.0;
						TestTargetID = AC26A2261BB0ED3A0068EFE3;
					};
					AC26A2481BB0ED3B0068EFE3 = {
						CreatedOnToolsVersion = 7.0;
						TestTargetID = AC26A2261BB0ED3A0068EFE3;
					};
				};
			};
			buildConfigurationList = AC26A2221BB0ED3A0068EFE3 /* Build configuration list for PBXProject "WeTrainers" */;
			compatibilityVersion = "Xcode 3.2";
			developmentRegion = English;
			hasScannedForEncodings = 0;
			knownRegions = (
				en,
				Base,
			);
			mainGroup = AC26A21E1BB0ED3A0068EFE3;
			productRefGroup = AC26A2281BB0ED3A0068EFE3 /* Products */;
			projectDirPath = "";
			projectRoot = "";
			targets = (
				AC26A2261BB0ED3A0068EFE3 /* WeTrainers */,
				AC26A23D1BB0ED3B0068EFE3 /* WeTrainersTests */,
				AC26A2481BB0ED3B0068EFE3 /* WeTrainersUITests */,
			);
		};
/* End PBXProject section */

/* Begin PBXResourcesBuildPhase section */
		AC26A2251BB0ED3A0068EFE3 /* Resources */ = {
			isa = PBXResourcesBuildPhase;
			buildActionMask = 2147483647;
			files = (
				AC26A2381BB0ED3A0068EFE3 /* LaunchScreen.storyboard in Resources */,
				AC26A2351BB0ED3A0068EFE3 /* Assets.xcassets in Resources */,
				AC26A2301BB0ED3A0068EFE3 /* Main.storyboard in Resources */,
				AC71A0CA1BE409B600F7988D /* LocationPhiladelphia.gpx in Resources */,
			);
			runOnlyForDeploymentPostprocessing = 0;
		};
		AC26A23C1BB0ED3B0068EFE3 /* Resources */ = {
			isa = PBXResourcesBuildPhase;
			buildActionMask = 2147483647;
			files = (
			);
			runOnlyForDeploymentPostprocessing = 0;
		};
		AC26A2471BB0ED3B0068EFE3 /* Resources */ = {
			isa = PBXResourcesBuildPhase;
			buildActionMask = 2147483647;
			files = (
			);
			runOnlyForDeploymentPostprocessing = 0;
		};
/* End PBXResourcesBuildPhase section */

/* Begin PBXShellScriptBuildPhase section */
		4518479C4954078792B17B4B /* Copy Pods Resources */ = {
			isa = PBXShellScriptBuildPhase;
			buildActionMask = 2147483647;
			files = (
			);
			inputPaths = (
			);
			name = "Copy Pods Resources";
			outputPaths = (
			);
			runOnlyForDeploymentPostprocessing = 0;
			shellPath = /bin/sh;
			shellScript = "\"${SRCROOT}/Pods/Target Support Files/Pods/Pods-resources.sh\"\n";
			showEnvVarsInLog = 0;
		};
		97EB4FE62671A996FC3FC4A5 /* Check Pods Manifest.lock */ = {
			isa = PBXShellScriptBuildPhase;
			buildActionMask = 2147483647;
			files = (
			);
			inputPaths = (
			);
			name = "Check Pods Manifest.lock";
			outputPaths = (
			);
			runOnlyForDeploymentPostprocessing = 0;
			shellPath = /bin/sh;
			shellScript = "diff \"${PODS_ROOT}/../Podfile.lock\" \"${PODS_ROOT}/Manifest.lock\" > /dev/null\nif [[ $? != 0 ]] ; then\n    cat << EOM\nerror: The sandbox is not in sync with the Podfile.lock. Run 'pod install' or update your CocoaPods installation.\nEOM\n    exit 1\nfi\n";
			showEnvVarsInLog = 0;
		};
		AC7A09FB1BBA02FB00583DA6 /* ShellScript */ = {
			isa = PBXShellScriptBuildPhase;
			buildActionMask = 2147483647;
			files = (
			);
			inputPaths = (
			);
			outputPaths = (
			);
			runOnlyForDeploymentPostprocessing = 0;
			shellPath = /bin/sh;
			shellScript = "\"${PODS_ROOT}/Fabric/Fabric.framework/run\" 70160b7dec925a91c6fe09e38bf1f8659c1eda41 0fa711cea5cca0c6a4b57c1a8955f0518514bfdd7a9e6f28b3eca2c60d905a9c";
		};
		C29F58761C5D7285F5C0142B /* Embed Pods Frameworks */ = {
			isa = PBXShellScriptBuildPhase;
			buildActionMask = 2147483647;
			files = (
			);
			inputPaths = (
			);
			name = "Embed Pods Frameworks";
			outputPaths = (
			);
			runOnlyForDeploymentPostprocessing = 0;
			shellPath = /bin/sh;
			shellScript = "\"${SRCROOT}/Pods/Target Support Files/Pods/Pods-frameworks.sh\"\n";
			showEnvVarsInLog = 0;
		};
/* End PBXShellScriptBuildPhase section */

/* Begin PBXSourcesBuildPhase section */
		AC26A2231BB0ED3A0068EFE3 /* Sources */ = {
			isa = PBXSourcesBuildPhase;
			buildActionMask = 2147483647;
			files = (
				ACFA6F111BB41D6100AC3927 /* LoginViewController.swift in Sources */,
				AC26A22B1BB0ED3A0068EFE3 /* AppDelegate.swift in Sources */,
				AC9F6F7B1BBE2E3100F91B92 /* TrainingRequestCell.swift in Sources */,
				ACFA6F141BB42CC100AC3927 /* SignupViewController.swift in Sources */,
				AC26F2D11BDE7807003E9B4E /* TrainerProfileViewController.swift in Sources */,
				AC235FF71BB4F577000AEA40 /* ConnectViewController.swift in Sources */,
				ACEA83EE1BE4018100D0CFFE /* UIViewController+Utils.swift in Sources */,
				AC9F6F7D1BBE356B00F91B92 /* ClientInfoViewController.swift in Sources */,
				AC26A2331BB0ED3A0068EFE3 /* Model.xcdatamodeld in Sources */,
				AC9F6F791BBE2CEE00F91B92 /* Constants.swift in Sources */,
			);
			runOnlyForDeploymentPostprocessing = 0;
		};
		AC26A23A1BB0ED3B0068EFE3 /* Sources */ = {
			isa = PBXSourcesBuildPhase;
			buildActionMask = 2147483647;
			files = (
				AC26A2431BB0ED3B0068EFE3 /* WeTrainersTests.swift in Sources */,
			);
			runOnlyForDeploymentPostprocessing = 0;
		};
		AC26A2451BB0ED3B0068EFE3 /* Sources */ = {
			isa = PBXSourcesBuildPhase;
			buildActionMask = 2147483647;
			files = (
				AC26A24E1BB0ED3B0068EFE3 /* WeTrainersUITests.swift in Sources */,
			);
			runOnlyForDeploymentPostprocessing = 0;
		};
/* End PBXSourcesBuildPhase section */

/* Begin PBXTargetDependency section */
		AC26A2401BB0ED3B0068EFE3 /* PBXTargetDependency */ = {
			isa = PBXTargetDependency;
			target = AC26A2261BB0ED3A0068EFE3 /* WeTrainers */;
			targetProxy = AC26A23F1BB0ED3B0068EFE3 /* PBXContainerItemProxy */;
		};
		AC26A24B1BB0ED3B0068EFE3 /* PBXTargetDependency */ = {
			isa = PBXTargetDependency;
			target = AC26A2261BB0ED3A0068EFE3 /* WeTrainers */;
			targetProxy = AC26A24A1BB0ED3B0068EFE3 /* PBXContainerItemProxy */;
		};
/* End PBXTargetDependency section */

/* Begin PBXVariantGroup section */
		AC26A22E1BB0ED3A0068EFE3 /* Main.storyboard */ = {
			isa = PBXVariantGroup;
			children = (
				AC26A22F1BB0ED3A0068EFE3 /* Base */,
			);
			name = Main.storyboard;
			sourceTree = "<group>";
		};
		AC26A2361BB0ED3A0068EFE3 /* LaunchScreen.storyboard */ = {
			isa = PBXVariantGroup;
			children = (
				AC26A2371BB0ED3A0068EFE3 /* Base */,
			);
			name = LaunchScreen.storyboard;
			sourceTree = "<group>";
		};
/* End PBXVariantGroup section */

/* Begin XCBuildConfiguration section */
		AC26A2501BB0ED3B0068EFE3 /* Debug */ = {
			isa = XCBuildConfiguration;
			buildSettings = {
				ALWAYS_SEARCH_USER_PATHS = NO;
				CLANG_CXX_LANGUAGE_STANDARD = "gnu++0x";
				CLANG_CXX_LIBRARY = "libc++";
				CLANG_ENABLE_MODULES = YES;
				CLANG_ENABLE_OBJC_ARC = YES;
				CLANG_WARN_BOOL_CONVERSION = YES;
				CLANG_WARN_CONSTANT_CONVERSION = YES;
				CLANG_WARN_DIRECT_OBJC_ISA_USAGE = YES_ERROR;
				CLANG_WARN_EMPTY_BODY = YES;
				CLANG_WARN_ENUM_CONVERSION = YES;
				CLANG_WARN_INT_CONVERSION = YES;
				CLANG_WARN_OBJC_ROOT_CLASS = YES_ERROR;
				CLANG_WARN_UNREACHABLE_CODE = YES;
				CLANG_WARN__DUPLICATE_METHOD_MATCH = YES;
				"CODE_SIGN_IDENTITY[sdk=iphoneos*]" = "iPhone Developer: Bobby Ren (UQA7D88UV9)";
				COPY_PHASE_STRIP = NO;
				DEBUG_INFORMATION_FORMAT = dwarf;
				ENABLE_STRICT_OBJC_MSGSEND = YES;
				ENABLE_TESTABILITY = YES;
				GCC_C_LANGUAGE_STANDARD = gnu99;
				GCC_DYNAMIC_NO_PIC = NO;
				GCC_NO_COMMON_BLOCKS = YES;
				GCC_OPTIMIZATION_LEVEL = 0;
				GCC_PREPROCESSOR_DEFINITIONS = (
					"DEBUG=1",
					"$(inherited)",
				);
				GCC_WARN_64_TO_32_BIT_CONVERSION = YES;
				GCC_WARN_ABOUT_RETURN_TYPE = YES_ERROR;
				GCC_WARN_UNDECLARED_SELECTOR = YES;
				GCC_WARN_UNINITIALIZED_AUTOS = YES_AGGRESSIVE;
				GCC_WARN_UNUSED_FUNCTION = YES;
				GCC_WARN_UNUSED_VARIABLE = YES;
				IPHONEOS_DEPLOYMENT_TARGET = 9.0;
				MTL_ENABLE_DEBUG_INFO = YES;
				ONLY_ACTIVE_ARCH = YES;
				PROVISIONING_PROFILE = "c36ccac3-308e-4854-9c66-60e5a478d224";
				SDKROOT = iphoneos;
				SWIFT_OPTIMIZATION_LEVEL = "-Onone";
			};
			name = Debug;
		};
		AC26A2511BB0ED3B0068EFE3 /* Release */ = {
			isa = XCBuildConfiguration;
			buildSettings = {
				ALWAYS_SEARCH_USER_PATHS = NO;
				CLANG_CXX_LANGUAGE_STANDARD = "gnu++0x";
				CLANG_CXX_LIBRARY = "libc++";
				CLANG_ENABLE_MODULES = YES;
				CLANG_ENABLE_OBJC_ARC = YES;
				CLANG_WARN_BOOL_CONVERSION = YES;
				CLANG_WARN_CONSTANT_CONVERSION = YES;
				CLANG_WARN_DIRECT_OBJC_ISA_USAGE = YES_ERROR;
				CLANG_WARN_EMPTY_BODY = YES;
				CLANG_WARN_ENUM_CONVERSION = YES;
				CLANG_WARN_INT_CONVERSION = YES;
				CLANG_WARN_OBJC_ROOT_CLASS = YES_ERROR;
				CLANG_WARN_UNREACHABLE_CODE = YES;
				CLANG_WARN__DUPLICATE_METHOD_MATCH = YES;
				"CODE_SIGN_IDENTITY[sdk=iphoneos*]" = "iPhone Distribution: Bobby Ren (H799H8B8DD)";
				COPY_PHASE_STRIP = NO;
				DEBUG_INFORMATION_FORMAT = "dwarf-with-dsym";
				ENABLE_NS_ASSERTIONS = NO;
				ENABLE_STRICT_OBJC_MSGSEND = YES;
				GCC_C_LANGUAGE_STANDARD = gnu99;
				GCC_NO_COMMON_BLOCKS = YES;
				GCC_WARN_64_TO_32_BIT_CONVERSION = YES;
				GCC_WARN_ABOUT_RETURN_TYPE = YES_ERROR;
				GCC_WARN_UNDECLARED_SELECTOR = YES;
				GCC_WARN_UNINITIALIZED_AUTOS = YES_AGGRESSIVE;
				GCC_WARN_UNUSED_FUNCTION = YES;
				GCC_WARN_UNUSED_VARIABLE = YES;
				IPHONEOS_DEPLOYMENT_TARGET = 9.0;
				MTL_ENABLE_DEBUG_INFO = NO;
				PROVISIONING_PROFILE = "40534daa-ef35-46dd-a3f7-568030b22a6e";
				SDKROOT = iphoneos;
				VALIDATE_PRODUCT = YES;
			};
			name = Release;
		};
		AC26A2531BB0ED3B0068EFE3 /* Debug */ = {
			isa = XCBuildConfiguration;
			baseConfigurationReference = 150346556E958FA747E2755F /* Pods.debug.xcconfig */;
			buildSettings = {
				ASSETCATALOG_COMPILER_APPICON_NAME = AppIcon;
				CODE_SIGN_IDENTITY = "iPhone Developer: Bobby Ren (UQA7D88UV9)";
				ENABLE_BITCODE = NO;
				INFOPLIST_FILE = WeTrainers/Info.plist;
				IPHONEOS_DEPLOYMENT_TARGET = 8.0;
				LD_RUNPATH_SEARCH_PATHS = "$(inherited) @executable_path/Frameworks";
				PRODUCT_BUNDLE_IDENTIFIER = com.wetrain.dev.trainer;
				PRODUCT_NAME = "$(TARGET_NAME)";
				PROVISIONING_PROFILE = "";
			};
			name = Debug;
		};
		AC26A2541BB0ED3B0068EFE3 /* Release */ = {
			isa = XCBuildConfiguration;
			baseConfigurationReference = 1A28A66F01E4403D66FC9EE0 /* Pods.release.xcconfig */;
			buildSettings = {
				ASSETCATALOG_COMPILER_APPICON_NAME = AppIcon;
				CODE_SIGN_IDENTITY = "iPhone Distribution: Bobby Ren (46R7H433J6)";
				ENABLE_BITCODE = NO;
				GCC_PREPROCESSOR_DEFINITIONS = (
					"$(inherited)",
					"COCOAPODS=1",
					"DEBUG=0",
				);
				INFOPLIST_FILE = WeTrainers/Info.plist;
				IPHONEOS_DEPLOYMENT_TARGET = 8.0;
				LD_RUNPATH_SEARCH_PATHS = "$(inherited) @executable_path/Frameworks";
				PRODUCT_BUNDLE_IDENTIFIER = com.wetrain.dev.trainer;
				PRODUCT_NAME = "$(TARGET_NAME)";
				PROVISIONING_PROFILE = "ac48bb88-638c-4b90-8df4-15285dc6e9f0";
			};
			name = Release;
		};
		AC26A2561BB0ED3B0068EFE3 /* Debug */ = {
			isa = XCBuildConfiguration;
			buildSettings = {
				BUNDLE_LOADER = "$(TEST_HOST)";
				INFOPLIST_FILE = WeTrainersTests/Info.plist;
				LD_RUNPATH_SEARCH_PATHS = "$(inherited) @executable_path/Frameworks @loader_path/Frameworks";
				PRODUCT_BUNDLE_IDENTIFIER = com.wetrain.WeTrainersTests;
				PRODUCT_NAME = "$(TARGET_NAME)";
				TEST_HOST = "$(BUILT_PRODUCTS_DIR)/WeTrainers.app/WeTrainers";
			};
			name = Debug;
		};
		AC26A2571BB0ED3B0068EFE3 /* Release */ = {
			isa = XCBuildConfiguration;
			buildSettings = {
				BUNDLE_LOADER = "$(TEST_HOST)";
				INFOPLIST_FILE = WeTrainersTests/Info.plist;
				LD_RUNPATH_SEARCH_PATHS = "$(inherited) @executable_path/Frameworks @loader_path/Frameworks";
				PRODUCT_BUNDLE_IDENTIFIER = com.wetrain.WeTrainersTests;
				PRODUCT_NAME = "$(TARGET_NAME)";
				TEST_HOST = "$(BUILT_PRODUCTS_DIR)/WeTrainers.app/WeTrainers";
			};
			name = Release;
		};
		AC26A2591BB0ED3B0068EFE3 /* Debug */ = {
			isa = XCBuildConfiguration;
			buildSettings = {
				INFOPLIST_FILE = WeTrainersUITests/Info.plist;
				LD_RUNPATH_SEARCH_PATHS = "$(inherited) @executable_path/Frameworks @loader_path/Frameworks";
				PRODUCT_BUNDLE_IDENTIFIER = com.wetrain.WeTrainersUITests;
				PRODUCT_NAME = "$(TARGET_NAME)";
				TEST_TARGET_NAME = WeTrainers;
				USES_XCTRUNNER = YES;
			};
			name = Debug;
		};
		AC26A25A1BB0ED3B0068EFE3 /* Release */ = {
			isa = XCBuildConfiguration;
			buildSettings = {
				INFOPLIST_FILE = WeTrainersUITests/Info.plist;
				LD_RUNPATH_SEARCH_PATHS = "$(inherited) @executable_path/Frameworks @loader_path/Frameworks";
				PRODUCT_BUNDLE_IDENTIFIER = com.wetrain.WeTrainersUITests;
				PRODUCT_NAME = "$(TARGET_NAME)";
				TEST_TARGET_NAME = WeTrainers;
				USES_XCTRUNNER = YES;
			};
			name = Release;
		};
/* End XCBuildConfiguration section */

/* Begin XCConfigurationList section */
		AC26A2221BB0ED3A0068EFE3 /* Build configuration list for PBXProject "WeTrainers" */ = {
			isa = XCConfigurationList;
			buildConfigurations = (
				AC26A2501BB0ED3B0068EFE3 /* Debug */,
				AC26A2511BB0ED3B0068EFE3 /* Release */,
			);
			defaultConfigurationIsVisible = 0;
			defaultConfigurationName = Release;
		};
		AC26A2521BB0ED3B0068EFE3 /* Build configuration list for PBXNativeTarget "WeTrainers" */ = {
			isa = XCConfigurationList;
			buildConfigurations = (
				AC26A2531BB0ED3B0068EFE3 /* Debug */,
				AC26A2541BB0ED3B0068EFE3 /* Release */,
			);
			defaultConfigurationIsVisible = 0;
			defaultConfigurationName = Release;
		};
		AC26A2551BB0ED3B0068EFE3 /* Build configuration list for PBXNativeTarget "WeTrainersTests" */ = {
			isa = XCConfigurationList;
			buildConfigurations = (
				AC26A2561BB0ED3B0068EFE3 /* Debug */,
				AC26A2571BB0ED3B0068EFE3 /* Release */,
			);
			defaultConfigurationIsVisible = 0;
			defaultConfigurationName = Release;
		};
		AC26A2581BB0ED3B0068EFE3 /* Build configuration list for PBXNativeTarget "WeTrainersUITests" */ = {
			isa = XCConfigurationList;
			buildConfigurations = (
				AC26A2591BB0ED3B0068EFE3 /* Debug */,
				AC26A25A1BB0ED3B0068EFE3 /* Release */,
			);
			defaultConfigurationIsVisible = 0;
			defaultConfigurationName = Release;
		};
/* End XCConfigurationList section */

/* Begin XCVersionGroup section */
		AC26A2311BB0ED3A0068EFE3 /* Model.xcdatamodeld */ = {
			isa = XCVersionGroup;
			children = (
				AC26A2321BB0ED3A0068EFE3 /* Model.xcdatamodel */,
			);
			currentVersion = AC26A2321BB0ED3A0068EFE3 /* Model.xcdatamodel */;
			path = Model.xcdatamodeld;
			sourceTree = "<group>";
			versionGroupType = wrapper.xcdatamodel;
		};
/* End XCVersionGroup section */
	};
	rootObject = AC26A21F1BB0ED3A0068EFE3 /* Project object */;
}
