// !$*UTF8*$!
{
	archiveVersion = 1;
	classes = {
	};
	objectVersion = 46;
	objects = {

/* Begin PBXBuildFile section */
		49598075F067030CF7F480EA /* libPods.a in Frameworks */ = {isa = PBXBuildFile; fileRef = 2A7B8DD840A03B62D311EAEE /* libPods.a */; };
		AC0503741BC82426008022BD /* TutorialScrollView.m in Sources */ = {isa = PBXBuildFile; fileRef = AC0503731BC82426008022BD /* TutorialScrollView.m */; };
		AC0503791BC8242F008022BD /* IntroTutorial0.xib in Resources */ = {isa = PBXBuildFile; fileRef = AC0503751BC8242F008022BD /* IntroTutorial0.xib */; };
		AC05037A1BC8242F008022BD /* IntroTutorial1.xib in Resources */ = {isa = PBXBuildFile; fileRef = AC0503761BC8242F008022BD /* IntroTutorial1.xib */; };
		AC05037B1BC8242F008022BD /* IntroTutorial2.xib in Resources */ = {isa = PBXBuildFile; fileRef = AC0503771BC8242F008022BD /* IntroTutorial2.xib */; };
		AC05037C1BC8242F008022BD /* IntroTutorial3.xib in Resources */ = {isa = PBXBuildFile; fileRef = AC0503781BC8242F008022BD /* IntroTutorial3.xib */; };
		AC0503801BC82541008022BD /* IntroTutorial4.xib in Resources */ = {isa = PBXBuildFile; fileRef = AC05037F1BC82541008022BD /* IntroTutorial4.xib */; };
		AC05584F1BB79DFB0065D21E /* Bolts.framework in Frameworks */ = {isa = PBXBuildFile; fileRef = AC05584D1BB79DFB0065D21E /* Bolts.framework */; };
		AC0558501BB79DFB0065D21E /* Parse.framework in Frameworks */ = {isa = PBXBuildFile; fileRef = AC05584E1BB79DFB0065D21E /* Parse.framework */; };
		AC0558521BB79ED80065D21E /* UIViewController+Utils.swift in Sources */ = {isa = PBXBuildFile; fileRef = AC0558511BB79ED80065D21E /* UIViewController+Utils.swift */; };
		AC235FF91BB51F06000AEA40 /* SignupViewController.swift in Sources */ = {isa = PBXBuildFile; fileRef = AC235FF81BB51F06000AEA40 /* SignupViewController.swift */; };
		AC463FB61B95F3F500935F45 /* NSString+ValidateEmail.m in Sources */ = {isa = PBXBuildFile; fileRef = AC463FB51B95F3F500935F45 /* NSString+ValidateEmail.m */; };
		AC4FDFC71B6EF88700A4EBDD /* CreditCardViewController.swift in Sources */ = {isa = PBXBuildFile; fileRef = AC4FDFC61B6EF88700A4EBDD /* CreditCardViewController.swift */; };
		AC51D1741B84A57B00E1DF02 /* FeedbackViewController.swift in Sources */ = {isa = PBXBuildFile; fileRef = AC51D1731B84A57B00E1DF02 /* FeedbackViewController.swift */; };
		AC51D1761B84BBFF00E1DF02 /* main.js in Resources */ = {isa = PBXBuildFile; fileRef = AC51D1751B84BBFF00E1DF02 /* main.js */; };
		AC6FB2CB1B82272E004109B6 /* RequestStatusViewController.swift in Sources */ = {isa = PBXBuildFile; fileRef = AC6FB2CA1B82272E004109B6 /* RequestStatusViewController.swift */; };
		AC7909341B6C455F00085FB6 /* AppDelegate.swift in Sources */ = {isa = PBXBuildFile; fileRef = AC7909331B6C455F00085FB6 /* AppDelegate.swift */; };
		AC7909371B6C455F00085FB6 /* Model.xcdatamodeld in Sources */ = {isa = PBXBuildFile; fileRef = AC7909351B6C455F00085FB6 /* Model.xcdatamodeld */; };
		AC79093C1B6C455F00085FB6 /* Main.storyboard in Resources */ = {isa = PBXBuildFile; fileRef = AC79093A1B6C455F00085FB6 /* Main.storyboard */; };
		AC79093E1B6C455F00085FB6 /* Images.xcassets in Resources */ = {isa = PBXBuildFile; fileRef = AC79093D1B6C455F00085FB6 /* Images.xcassets */; };
		AC7909411B6C455F00085FB6 /* LaunchScreen.xib in Resources */ = {isa = PBXBuildFile; fileRef = AC79093F1B6C455F00085FB6 /* LaunchScreen.xib */; };
		AC79094D1B6C455F00085FB6 /* WeTrainTests.swift in Sources */ = {isa = PBXBuildFile; fileRef = AC79094C1B6C455F00085FB6 /* WeTrainTests.swift */; };
		AC7909641B6D514200085FB6 /* AudioToolbox.framework in Frameworks */ = {isa = PBXBuildFile; fileRef = AC7909631B6D514200085FB6 /* AudioToolbox.framework */; };
		AC7909661B6D514700085FB6 /* CFNetwork.framework in Frameworks */ = {isa = PBXBuildFile; fileRef = AC7909651B6D514700085FB6 /* CFNetwork.framework */; };
		AC7909681B6D514C00085FB6 /* CoreGraphics.framework in Frameworks */ = {isa = PBXBuildFile; fileRef = AC7909671B6D514C00085FB6 /* CoreGraphics.framework */; };
		AC79096A1B6D515000085FB6 /* CoreLocation.framework in Frameworks */ = {isa = PBXBuildFile; fileRef = AC7909691B6D515000085FB6 /* CoreLocation.framework */; };
		AC79096C1B6D515500085FB6 /* QuartzCore.framework in Frameworks */ = {isa = PBXBuildFile; fileRef = AC79096B1B6D515500085FB6 /* QuartzCore.framework */; };
		AC79096E1B6D515900085FB6 /* Security.framework in Frameworks */ = {isa = PBXBuildFile; fileRef = AC79096D1B6D515900085FB6 /* Security.framework */; };
		AC7909721B6D516200085FB6 /* SystemConfiguration.framework in Frameworks */ = {isa = PBXBuildFile; fileRef = AC7909711B6D516200085FB6 /* SystemConfiguration.framework */; };
		AC7909741B6D516800085FB6 /* libz.dylib in Frameworks */ = {isa = PBXBuildFile; fileRef = AC7909731B6D516800085FB6 /* libz.dylib */; };
		AC7909761B6D516F00085FB6 /* libsqlite3.dylib in Frameworks */ = {isa = PBXBuildFile; fileRef = AC7909751B6D516F00085FB6 /* libsqlite3.dylib */; };
		AC7909781B6D517B00085FB6 /* Accounts.framework in Frameworks */ = {isa = PBXBuildFile; fileRef = AC7909771B6D517B00085FB6 /* Accounts.framework */; };
		AC79097A1B6D517E00085FB6 /* Social.framework in Frameworks */ = {isa = PBXBuildFile; fileRef = AC7909791B6D517E00085FB6 /* Social.framework */; };
		AC79097E1B6D549700085FB6 /* Fabric.framework in Frameworks */ = {isa = PBXBuildFile; fileRef = AC79097C1B6D549700085FB6 /* Fabric.framework */; };
		AC79097F1B6D549700085FB6 /* Crashlytics.framework in Frameworks */ = {isa = PBXBuildFile; fileRef = AC79097D1B6D549700085FB6 /* Crashlytics.framework */; };
		AC7909831B6D618C00085FB6 /* MapViewController.swift in Sources */ = {isa = PBXBuildFile; fileRef = AC7909821B6D618C00085FB6 /* MapViewController.swift */; };
		AC7909851B6D710900085FB6 /* Login.Storyboard in Resources */ = {isa = PBXBuildFile; fileRef = AC7909841B6D710900085FB6 /* Login.Storyboard */; };
		AC8CCD7A1BC8075100675036 /* LocationParis.gpx in Resources */ = {isa = PBXBuildFile; fileRef = AC8CCD781BC8075100675036 /* LocationParis.gpx */; };
		AC8CCD7B1BC8075100675036 /* LocationPhiladelphia.gpx in Resources */ = {isa = PBXBuildFile; fileRef = AC8CCD791BC8075100675036 /* LocationPhiladelphia.gpx */; };
		AC8F4A651BD5C1C7003B296D /* TrainingLengthViewController.swift in Sources */ = {isa = PBXBuildFile; fileRef = AC8F4A641BD5C1C7003B296D /* TrainingLengthViewController.swift */; settings = {ASSET_TAGS = (); }; };
		AC8F4A671BD5CF20003B296D /* UserInfoViewController.swift in Sources */ = {isa = PBXBuildFile; fileRef = AC8F4A661BD5CF20003B296D /* UserInfoViewController.swift */; settings = {ASSET_TAGS = (); }; };
		AC8F4A691BD5E3B4003B296D /* TutorialViewController.swift in Sources */ = {isa = PBXBuildFile; fileRef = AC8F4A681BD5E3B4003B296D /* TutorialViewController.swift */; settings = {ASSET_TAGS = (); }; };
		AC8F4A6B1BD5E854003B296D /* IntroTutorial5.xib in Resources */ = {isa = PBXBuildFile; fileRef = AC8F4A6A1BD5E854003B296D /* IntroTutorial5.xib */; settings = {ASSET_TAGS = (); }; };
		AC9760EF1B7167F70060D5D1 /* TrainerProfileViewController.swift in Sources */ = {isa = PBXBuildFile; fileRef = AC9760EE1B7167F70060D5D1 /* TrainerProfileViewController.swift */; };
		AC9F6F771BBE2C8000F91B92 /* Constants.swift in Sources */ = {isa = PBXBuildFile; fileRef = AC9F6F761BBE2C8000F91B92 /* Constants.swift */; };
		ACA6B8ED1B6E4F0600AAA992 /* LoginViewController.swift in Sources */ = {isa = PBXBuildFile; fileRef = ACA6B8EC1B6E4F0600AAA992 /* LoginViewController.swift */; };
		ACA6B8EF1B6E62B800AAA992 /* TrainingRequestViewController.swift in Sources */ = {isa = PBXBuildFile; fileRef = ACA6B8EE1B6E62B800AAA992 /* TrainingRequestViewController.swift */; };
		ACA6B8F31B6EE81A00AAA992 /* SettingsViewController.swift in Sources */ = {isa = PBXBuildFile; fileRef = ACA6B8F21B6EE81A00AAA992 /* SettingsViewController.swift */; };
		ACE69C5C1BDD345400128687 /* ProgressView.swift in Sources */ = {isa = PBXBuildFile; fileRef = ACE69C5B1BDD345400128687 /* ProgressView.swift */; settings = {ASSET_TAGS = (); }; };
/* End PBXBuildFile section */

/* Begin PBXContainerItemProxy section */
		AC7909471B6C455F00085FB6 /* PBXContainerItemProxy */ = {
			isa = PBXContainerItemProxy;
			containerPortal = AC7909261B6C455F00085FB6 /* Project object */;
			proxyType = 1;
			remoteGlobalIDString = AC79092D1B6C455F00085FB6;
			remoteInfo = DocPronto;
		};
/* End PBXContainerItemProxy section */

/* Begin PBXFileReference section */
		2161FFB5DEECA8224FEC534E /* Pods.debug.xcconfig */ = {isa = PBXFileReference; includeInIndex = 1; lastKnownFileType = text.xcconfig; name = Pods.debug.xcconfig; path = "Pods/Target Support Files/Pods/Pods.debug.xcconfig"; sourceTree = "<group>"; };
		2A7B8DD840A03B62D311EAEE /* libPods.a */ = {isa = PBXFileReference; explicitFileType = archive.ar; includeInIndex = 0; path = libPods.a; sourceTree = BUILT_PRODUCTS_DIR; };
		AC0503721BC82426008022BD /* TutorialScrollView.h */ = {isa = PBXFileReference; fileEncoding = 4; lastKnownFileType = sourcecode.c.h; path = TutorialScrollView.h; sourceTree = "<group>"; };
		AC0503731BC82426008022BD /* TutorialScrollView.m */ = {isa = PBXFileReference; fileEncoding = 4; lastKnownFileType = sourcecode.c.objc; path = TutorialScrollView.m; sourceTree = "<group>"; };
		AC0503751BC8242F008022BD /* IntroTutorial0.xib */ = {isa = PBXFileReference; fileEncoding = 4; lastKnownFileType = file.xib; path = IntroTutorial0.xib; sourceTree = "<group>"; };
		AC0503761BC8242F008022BD /* IntroTutorial1.xib */ = {isa = PBXFileReference; fileEncoding = 4; lastKnownFileType = file.xib; path = IntroTutorial1.xib; sourceTree = "<group>"; };
		AC0503771BC8242F008022BD /* IntroTutorial2.xib */ = {isa = PBXFileReference; fileEncoding = 4; lastKnownFileType = file.xib; path = IntroTutorial2.xib; sourceTree = "<group>"; };
		AC0503781BC8242F008022BD /* IntroTutorial3.xib */ = {isa = PBXFileReference; fileEncoding = 4; lastKnownFileType = file.xib; path = IntroTutorial3.xib; sourceTree = "<group>"; };
		AC05037F1BC82541008022BD /* IntroTutorial4.xib */ = {isa = PBXFileReference; fileEncoding = 4; lastKnownFileType = file.xib; path = IntroTutorial4.xib; sourceTree = "<group>"; };
		AC05584D1BB79DFB0065D21E /* Bolts.framework */ = {isa = PBXFileReference; lastKnownFileType = wrapper.framework; path = Bolts.framework; sourceTree = "<group>"; };
		AC05584E1BB79DFB0065D21E /* Parse.framework */ = {isa = PBXFileReference; lastKnownFileType = wrapper.framework; path = Parse.framework; sourceTree = "<group>"; };
		AC0558511BB79ED80065D21E /* UIViewController+Utils.swift */ = {isa = PBXFileReference; fileEncoding = 4; lastKnownFileType = sourcecode.swift; path = "UIViewController+Utils.swift"; sourceTree = "<group>"; };
		AC235FF81BB51F06000AEA40 /* SignupViewController.swift */ = {isa = PBXFileReference; fileEncoding = 4; lastKnownFileType = sourcecode.swift; path = SignupViewController.swift; sourceTree = "<group>"; };
		AC463FB41B95F3F500935F45 /* NSString+ValidateEmail.h */ = {isa = PBXFileReference; fileEncoding = 4; lastKnownFileType = sourcecode.c.h; path = "NSString+ValidateEmail.h"; sourceTree = "<group>"; };
		AC463FB51B95F3F500935F45 /* NSString+ValidateEmail.m */ = {isa = PBXFileReference; fileEncoding = 4; lastKnownFileType = sourcecode.c.objc; path = "NSString+ValidateEmail.m"; sourceTree = "<group>"; };
		AC4FDFC61B6EF88700A4EBDD /* CreditCardViewController.swift */ = {isa = PBXFileReference; fileEncoding = 4; lastKnownFileType = sourcecode.swift; path = CreditCardViewController.swift; sourceTree = "<group>"; };
		AC51D1731B84A57B00E1DF02 /* FeedbackViewController.swift */ = {isa = PBXFileReference; fileEncoding = 4; lastKnownFileType = sourcecode.swift; path = FeedbackViewController.swift; sourceTree = "<group>"; };
		AC51D1751B84BBFF00E1DF02 /* main.js */ = {isa = PBXFileReference; fileEncoding = 4; lastKnownFileType = sourcecode.javascript; name = main.js; path = cloud/cloud/main.js; sourceTree = "<group>"; };
		AC6FB2C61B820702004109B6 /* WeTrain-Bridging-Header.h */ = {isa = PBXFileReference; lastKnownFileType = sourcecode.c.h; path = "WeTrain-Bridging-Header.h"; sourceTree = "<group>"; };
		AC6FB2CA1B82272E004109B6 /* RequestStatusViewController.swift */ = {isa = PBXFileReference; fileEncoding = 4; lastKnownFileType = sourcecode.swift; path = RequestStatusViewController.swift; sourceTree = "<group>"; };
		AC79092E1B6C455F00085FB6 /* WeTrain.app */ = {isa = PBXFileReference; explicitFileType = wrapper.application; includeInIndex = 0; path = WeTrain.app; sourceTree = BUILT_PRODUCTS_DIR; };
		AC7909321B6C455F00085FB6 /* Info.plist */ = {isa = PBXFileReference; lastKnownFileType = text.plist.xml; path = Info.plist; sourceTree = "<group>"; };
		AC7909331B6C455F00085FB6 /* AppDelegate.swift */ = {isa = PBXFileReference; lastKnownFileType = sourcecode.swift; path = AppDelegate.swift; sourceTree = "<group>"; };
		AC7909361B6C455F00085FB6 /* Model.xcdatamodel */ = {isa = PBXFileReference; lastKnownFileType = wrapper.xcdatamodel; path = Model.xcdatamodel; sourceTree = "<group>"; };
		AC79093B1B6C455F00085FB6 /* Base */ = {isa = PBXFileReference; lastKnownFileType = file.storyboard; name = Base; path = Base.lproj/Main.storyboard; sourceTree = "<group>"; };
		AC79093D1B6C455F00085FB6 /* Images.xcassets */ = {isa = PBXFileReference; lastKnownFileType = folder.assetcatalog; path = Images.xcassets; sourceTree = "<group>"; };
		AC7909401B6C455F00085FB6 /* Base */ = {isa = PBXFileReference; lastKnownFileType = file.xib; name = Base; path = Base.lproj/LaunchScreen.xib; sourceTree = "<group>"; };
		AC7909461B6C455F00085FB6 /* WeTrainTests.xctest */ = {isa = PBXFileReference; explicitFileType = wrapper.cfbundle; includeInIndex = 0; path = WeTrainTests.xctest; sourceTree = BUILT_PRODUCTS_DIR; };
		AC79094B1B6C455F00085FB6 /* Info.plist */ = {isa = PBXFileReference; lastKnownFileType = text.plist.xml; path = Info.plist; sourceTree = "<group>"; };
		AC79094C1B6C455F00085FB6 /* WeTrainTests.swift */ = {isa = PBXFileReference; lastKnownFileType = sourcecode.swift; path = WeTrainTests.swift; sourceTree = "<group>"; };
		AC7909631B6D514200085FB6 /* AudioToolbox.framework */ = {isa = PBXFileReference; lastKnownFileType = wrapper.framework; name = AudioToolbox.framework; path = System/Library/Frameworks/AudioToolbox.framework; sourceTree = SDKROOT; };
		AC7909651B6D514700085FB6 /* CFNetwork.framework */ = {isa = PBXFileReference; lastKnownFileType = wrapper.framework; name = CFNetwork.framework; path = System/Library/Frameworks/CFNetwork.framework; sourceTree = SDKROOT; };
		AC7909671B6D514C00085FB6 /* CoreGraphics.framework */ = {isa = PBXFileReference; lastKnownFileType = wrapper.framework; name = CoreGraphics.framework; path = System/Library/Frameworks/CoreGraphics.framework; sourceTree = SDKROOT; };
		AC7909691B6D515000085FB6 /* CoreLocation.framework */ = {isa = PBXFileReference; lastKnownFileType = wrapper.framework; name = CoreLocation.framework; path = System/Library/Frameworks/CoreLocation.framework; sourceTree = SDKROOT; };
		AC79096B1B6D515500085FB6 /* QuartzCore.framework */ = {isa = PBXFileReference; lastKnownFileType = wrapper.framework; name = QuartzCore.framework; path = System/Library/Frameworks/QuartzCore.framework; sourceTree = SDKROOT; };
		AC79096D1B6D515900085FB6 /* Security.framework */ = {isa = PBXFileReference; lastKnownFileType = wrapper.framework; name = Security.framework; path = System/Library/Frameworks/Security.framework; sourceTree = SDKROOT; };
		AC7909711B6D516200085FB6 /* SystemConfiguration.framework */ = {isa = PBXFileReference; lastKnownFileType = wrapper.framework; name = SystemConfiguration.framework; path = System/Library/Frameworks/SystemConfiguration.framework; sourceTree = SDKROOT; };
		AC7909731B6D516800085FB6 /* libz.dylib */ = {isa = PBXFileReference; lastKnownFileType = "compiled.mach-o.dylib"; name = libz.dylib; path = usr/lib/libz.dylib; sourceTree = SDKROOT; };
		AC7909751B6D516F00085FB6 /* libsqlite3.dylib */ = {isa = PBXFileReference; lastKnownFileType = "compiled.mach-o.dylib"; name = libsqlite3.dylib; path = usr/lib/libsqlite3.dylib; sourceTree = SDKROOT; };
		AC7909771B6D517B00085FB6 /* Accounts.framework */ = {isa = PBXFileReference; lastKnownFileType = wrapper.framework; name = Accounts.framework; path = System/Library/Frameworks/Accounts.framework; sourceTree = SDKROOT; };
		AC7909791B6D517E00085FB6 /* Social.framework */ = {isa = PBXFileReference; lastKnownFileType = wrapper.framework; name = Social.framework; path = System/Library/Frameworks/Social.framework; sourceTree = SDKROOT; };
		AC79097C1B6D549700085FB6 /* Fabric.framework */ = {isa = PBXFileReference; lastKnownFileType = wrapper.framework; path = Fabric.framework; sourceTree = "<group>"; };
		AC79097D1B6D549700085FB6 /* Crashlytics.framework */ = {isa = PBXFileReference; lastKnownFileType = wrapper.framework; path = Crashlytics.framework; sourceTree = "<group>"; };
		AC7909821B6D618C00085FB6 /* MapViewController.swift */ = {isa = PBXFileReference; fileEncoding = 4; lastKnownFileType = sourcecode.swift; path = MapViewController.swift; sourceTree = "<group>"; };
		AC7909841B6D710900085FB6 /* Login.Storyboard */ = {isa = PBXFileReference; fileEncoding = 4; lastKnownFileType = file.storyboard; path = Login.Storyboard; sourceTree = "<group>"; };
		AC8CCD781BC8075100675036 /* LocationParis.gpx */ = {isa = PBXFileReference; fileEncoding = 4; lastKnownFileType = text.xml; path = LocationParis.gpx; sourceTree = "<group>"; };
		AC8CCD791BC8075100675036 /* LocationPhiladelphia.gpx */ = {isa = PBXFileReference; fileEncoding = 4; lastKnownFileType = text.xml; path = LocationPhiladelphia.gpx; sourceTree = "<group>"; };
		AC8F4A641BD5C1C7003B296D /* TrainingLengthViewController.swift */ = {isa = PBXFileReference; fileEncoding = 4; lastKnownFileType = sourcecode.swift; path = TrainingLengthViewController.swift; sourceTree = "<group>"; };
		AC8F4A661BD5CF20003B296D /* UserInfoViewController.swift */ = {isa = PBXFileReference; fileEncoding = 4; lastKnownFileType = sourcecode.swift; path = UserInfoViewController.swift; sourceTree = "<group>"; };
		AC8F4A681BD5E3B4003B296D /* TutorialViewController.swift */ = {isa = PBXFileReference; fileEncoding = 4; lastKnownFileType = sourcecode.swift; path = TutorialViewController.swift; sourceTree = "<group>"; };
		AC8F4A6A1BD5E854003B296D /* IntroTutorial5.xib */ = {isa = PBXFileReference; fileEncoding = 4; lastKnownFileType = file.xib; path = IntroTutorial5.xib; sourceTree = "<group>"; };
		AC9760EE1B7167F70060D5D1 /* TrainerProfileViewController.swift */ = {isa = PBXFileReference; fileEncoding = 4; lastKnownFileType = sourcecode.swift; path = TrainerProfileViewController.swift; sourceTree = "<group>"; };
		AC9F6F761BBE2C8000F91B92 /* Constants.swift */ = {isa = PBXFileReference; fileEncoding = 4; lastKnownFileType = sourcecode.swift; path = Constants.swift; sourceTree = "<group>"; };
		ACA6B8EC1B6E4F0600AAA992 /* LoginViewController.swift */ = {isa = PBXFileReference; fileEncoding = 4; lastKnownFileType = sourcecode.swift; path = LoginViewController.swift; sourceTree = "<group>"; };
		ACA6B8EE1B6E62B800AAA992 /* TrainingRequestViewController.swift */ = {isa = PBXFileReference; fileEncoding = 4; lastKnownFileType = sourcecode.swift; path = TrainingRequestViewController.swift; sourceTree = "<group>"; };
		ACA6B8F21B6EE81A00AAA992 /* SettingsViewController.swift */ = {isa = PBXFileReference; fileEncoding = 4; lastKnownFileType = sourcecode.swift; path = SettingsViewController.swift; sourceTree = "<group>"; };
		ACE69C5B1BDD345400128687 /* ProgressView.swift */ = {isa = PBXFileReference; fileEncoding = 4; lastKnownFileType = sourcecode.swift; path = ProgressView.swift; sourceTree = "<group>"; };
		C5FF6A4040152AFBAF0CF503 /* Pods.release.xcconfig */ = {isa = PBXFileReference; includeInIndex = 1; lastKnownFileType = text.xcconfig; name = Pods.release.xcconfig; path = "Pods/Target Support Files/Pods/Pods.release.xcconfig"; sourceTree = "<group>"; };
/* End PBXFileReference section */

/* Begin PBXFrameworksBuildPhase section */
		AC79092B1B6C455F00085FB6 /* Frameworks */ = {
			isa = PBXFrameworksBuildPhase;
			buildActionMask = 2147483647;
			files = (
				AC05584F1BB79DFB0065D21E /* Bolts.framework in Frameworks */,
				AC79097A1B6D517E00085FB6 /* Social.framework in Frameworks */,
				AC7909781B6D517B00085FB6 /* Accounts.framework in Frameworks */,
				AC7909761B6D516F00085FB6 /* libsqlite3.dylib in Frameworks */,
				AC7909741B6D516800085FB6 /* libz.dylib in Frameworks */,
				AC7909721B6D516200085FB6 /* SystemConfiguration.framework in Frameworks */,
				AC0558501BB79DFB0065D21E /* Parse.framework in Frameworks */,
				AC79096E1B6D515900085FB6 /* Security.framework in Frameworks */,
				AC79096C1B6D515500085FB6 /* QuartzCore.framework in Frameworks */,
				AC79096A1B6D515000085FB6 /* CoreLocation.framework in Frameworks */,
				AC7909681B6D514C00085FB6 /* CoreGraphics.framework in Frameworks */,
				AC79097F1B6D549700085FB6 /* Crashlytics.framework in Frameworks */,
				AC7909661B6D514700085FB6 /* CFNetwork.framework in Frameworks */,
				AC79097E1B6D549700085FB6 /* Fabric.framework in Frameworks */,
				AC7909641B6D514200085FB6 /* AudioToolbox.framework in Frameworks */,
				49598075F067030CF7F480EA /* libPods.a in Frameworks */,
			);
			runOnlyForDeploymentPostprocessing = 0;
		};
		AC7909431B6C455F00085FB6 /* Frameworks */ = {
			isa = PBXFrameworksBuildPhase;
			buildActionMask = 2147483647;
			files = (
			);
			runOnlyForDeploymentPostprocessing = 0;
		};
/* End PBXFrameworksBuildPhase section */

/* Begin PBXGroup section */
		271E7A18146076B0C8BED4F3 /* Pods */ = {
			isa = PBXGroup;
			children = (
				2161FFB5DEECA8224FEC534E /* Pods.debug.xcconfig */,
				C5FF6A4040152AFBAF0CF503 /* Pods.release.xcconfig */,
			);
			name = Pods;
			sourceTree = "<group>";
		};
		58E896E55C69332B7809E4D8 /* Frameworks */ = {
			isa = PBXGroup;
			children = (
				AC05584D1BB79DFB0065D21E /* Bolts.framework */,
				AC05584E1BB79DFB0065D21E /* Parse.framework */,
				AC79097C1B6D549700085FB6 /* Fabric.framework */,
				AC79097D1B6D549700085FB6 /* Crashlytics.framework */,
				AC7909791B6D517E00085FB6 /* Social.framework */,
				AC7909771B6D517B00085FB6 /* Accounts.framework */,
				AC7909751B6D516F00085FB6 /* libsqlite3.dylib */,
				AC7909731B6D516800085FB6 /* libz.dylib */,
				AC7909711B6D516200085FB6 /* SystemConfiguration.framework */,
				AC79096D1B6D515900085FB6 /* Security.framework */,
				AC79096B1B6D515500085FB6 /* QuartzCore.framework */,
				AC7909691B6D515000085FB6 /* CoreLocation.framework */,
				AC7909671B6D514C00085FB6 /* CoreGraphics.framework */,
				AC7909651B6D514700085FB6 /* CFNetwork.framework */,
				AC7909631B6D514200085FB6 /* AudioToolbox.framework */,
				2A7B8DD840A03B62D311EAEE /* libPods.a */,
			);
			name = Frameworks;
			sourceTree = "<group>";
		};
		AC0503711BC8241A008022BD /* Tutorial */ = {
			isa = PBXGroup;
			children = (
				AC0503721BC82426008022BD /* TutorialScrollView.h */,
				AC0503731BC82426008022BD /* TutorialScrollView.m */,
				AC0503751BC8242F008022BD /* IntroTutorial0.xib */,
				AC0503761BC8242F008022BD /* IntroTutorial1.xib */,
				AC0503771BC8242F008022BD /* IntroTutorial2.xib */,
				AC0503781BC8242F008022BD /* IntroTutorial3.xib */,
				AC05037F1BC82541008022BD /* IntroTutorial4.xib */,
				AC8F4A6A1BD5E854003B296D /* IntroTutorial5.xib */,
			);
			name = Tutorial;
			sourceTree = "<group>";
		};
		AC7909251B6C455F00085FB6 = {
			isa = PBXGroup;
			children = (
				AC51D1751B84BBFF00E1DF02 /* main.js */,
				AC7909301B6C455F00085FB6 /* WeTrain */,
				AC7909491B6C455F00085FB6 /* WeTrainTests */,
				AC79092F1B6C455F00085FB6 /* Products */,
				271E7A18146076B0C8BED4F3 /* Pods */,
				58E896E55C69332B7809E4D8 /* Frameworks */,
			);
			sourceTree = "<group>";
		};
		AC79092F1B6C455F00085FB6 /* Products */ = {
			isa = PBXGroup;
			children = (
				AC79092E1B6C455F00085FB6 /* WeTrain.app */,
				AC7909461B6C455F00085FB6 /* WeTrainTests.xctest */,
			);
			name = Products;
			sourceTree = "<group>";
		};
		AC7909301B6C455F00085FB6 /* WeTrain */ = {
			isa = PBXGroup;
			children = (
				AC7909351B6C455F00085FB6 /* Model.xcdatamodeld */,
				AC7909331B6C455F00085FB6 /* AppDelegate.swift */,
				AC8F4A601BD5C134003B296D /* Login Signup */,
				AC8F4A611BD5C15C003B296D /* Training */,
				AC8F4A631BD5C184003B296D /* Settings */,
				AC8F4A621BD5C16B003B296D /* Utils */,
				AC0503711BC8241A008022BD /* Tutorial */,
				AC7909311B6C455F00085FB6 /* Supporting Files */,
				AC6FB2C61B820702004109B6 /* WeTrain-Bridging-Header.h */,
			);
			path = WeTrain;
			sourceTree = "<group>";
		};
		AC7909311B6C455F00085FB6 /* Supporting Files */ = {
			isa = PBXGroup;
			children = (
				AC79093F1B6C455F00085FB6 /* LaunchScreen.xib */,
				AC8CCD781BC8075100675036 /* LocationParis.gpx */,
				AC8CCD791BC8075100675036 /* LocationPhiladelphia.gpx */,
				AC79093D1B6C455F00085FB6 /* Images.xcassets */,
				AC7909321B6C455F00085FB6 /* Info.plist */,
				AC9F6F761BBE2C8000F91B92 /* Constants.swift */,
			);
			name = "Supporting Files";
			sourceTree = "<group>";
		};
		AC7909491B6C455F00085FB6 /* WeTrainTests */ = {
			isa = PBXGroup;
			children = (
				AC79094C1B6C455F00085FB6 /* WeTrainTests.swift */,
				AC79094A1B6C455F00085FB6 /* Supporting Files */,
			);
			path = WeTrainTests;
			sourceTree = "<group>";
		};
		AC79094A1B6C455F00085FB6 /* Supporting Files */ = {
			isa = PBXGroup;
			children = (
				AC79094B1B6C455F00085FB6 /* Info.plist */,
			);
			name = "Supporting Files";
			sourceTree = "<group>";
		};
		AC8F4A601BD5C134003B296D /* Login Signup */ = {
			isa = PBXGroup;
			children = (
				AC7909841B6D710900085FB6 /* Login.Storyboard */,
				ACA6B8EC1B6E4F0600AAA992 /* LoginViewController.swift */,
				AC235FF81BB51F06000AEA40 /* SignupViewController.swift */,
				AC8F4A661BD5CF20003B296D /* UserInfoViewController.swift */,
				AC8F4A681BD5E3B4003B296D /* TutorialViewController.swift */,
			);
			name = "Login Signup";
			sourceTree = "<group>";
		};
		AC8F4A611BD5C15C003B296D /* Training */ = {
			isa = PBXGroup;
			children = (
				AC79093A1B6C455F00085FB6 /* Main.storyboard */,
				AC8F4A641BD5C1C7003B296D /* TrainingLengthViewController.swift */,
				ACA6B8EE1B6E62B800AAA992 /* TrainingRequestViewController.swift */,
				AC7909821B6D618C00085FB6 /* MapViewController.swift */,
				AC6FB2CA1B82272E004109B6 /* RequestStatusViewController.swift */,
				ACE69C5B1BDD345400128687 /* ProgressView.swift */,
				AC9760EE1B7167F70060D5D1 /* TrainerProfileViewController.swift */,
			);
			name = Training;
			sourceTree = "<group>";
		};
		AC8F4A621BD5C16B003B296D /* Utils */ = {
			isa = PBXGroup;
			children = (
				AC463FB41B95F3F500935F45 /* NSString+ValidateEmail.h */,
				AC463FB51B95F3F500935F45 /* NSString+ValidateEmail.m */,
				AC0558511BB79ED80065D21E /* UIViewController+Utils.swift */,
			);
			name = Utils;
			sourceTree = "<group>";
		};
		AC8F4A631BD5C184003B296D /* Settings */ = {
			isa = PBXGroup;
			children = (
				ACA6B8F21B6EE81A00AAA992 /* SettingsViewController.swift */,
				AC4FDFC61B6EF88700A4EBDD /* CreditCardViewController.swift */,
				AC51D1731B84A57B00E1DF02 /* FeedbackViewController.swift */,
			);
			name = Settings;
			sourceTree = "<group>";
		};
/* End PBXGroup section */

/* Begin PBXNativeTarget section */
		AC79092D1B6C455F00085FB6 /* WeTrain */ = {
			isa = PBXNativeTarget;
			buildConfigurationList = AC7909501B6C455F00085FB6 /* Build configuration list for PBXNativeTarget "WeTrain" */;
			buildPhases = (
				6EBD1DF4AC39DA492E6B9C2C /* Check Pods Manifest.lock */,
				AC79092A1B6C455F00085FB6 /* Sources */,
				AC79092B1B6C455F00085FB6 /* Frameworks */,
				AC79092C1B6C455F00085FB6 /* Resources */,
				AC79097B1B6D547D00085FB6 /* ShellScript */,
				89182CAEB27D001028408047 /* Copy Pods Resources */,
			);
			buildRules = (
			);
			dependencies = (
			);
			name = WeTrain;
			productName = DocPronto;
			productReference = AC79092E1B6C455F00085FB6 /* WeTrain.app */;
			productType = "com.apple.product-type.application";
		};
		AC7909451B6C455F00085FB6 /* WeTrainTests */ = {
			isa = PBXNativeTarget;
			buildConfigurationList = AC7909531B6C455F00085FB6 /* Build configuration list for PBXNativeTarget "WeTrainTests" */;
			buildPhases = (
				AC7909421B6C455F00085FB6 /* Sources */,
				AC7909431B6C455F00085FB6 /* Frameworks */,
				AC7909441B6C455F00085FB6 /* Resources */,
			);
			buildRules = (
			);
			dependencies = (
				AC7909481B6C455F00085FB6 /* PBXTargetDependency */,
			);
			name = WeTrainTests;
			productName = DocProntoTests;
			productReference = AC7909461B6C455F00085FB6 /* WeTrainTests.xctest */;
			productType = "com.apple.product-type.bundle.unit-test";
		};
/* End PBXNativeTarget section */

/* Begin PBXProject section */
		AC7909261B6C455F00085FB6 /* Project object */ = {
			isa = PBXProject;
			attributes = {
				LastSwiftUpdateCheck = 0700;
				LastUpgradeCheck = 0640;
				ORGANIZATIONNAME = "Bobby Ren";
				TargetAttributes = {
					AC79092D1B6C455F00085FB6 = {
						CreatedOnToolsVersion = 6.4;
						DevelopmentTeam = H799H8B8DD;
						SystemCapabilities = {
							com.apple.GameCenter = {
								enabled = 0;
							};
							com.apple.InAppPurchase = {
								enabled = 0;
							};
							com.apple.OMC = {
								enabled = 0;
							};
						};
					};
					AC7909451B6C455F00085FB6 = {
						CreatedOnToolsVersion = 6.4;
						TestTargetID = AC79092D1B6C455F00085FB6;
					};
				};
			};
			buildConfigurationList = AC7909291B6C455F00085FB6 /* Build configuration list for PBXProject "WeTrain" */;
			compatibilityVersion = "Xcode 3.2";
			developmentRegion = English;
			hasScannedForEncodings = 0;
			knownRegions = (
				en,
				Base,
			);
			mainGroup = AC7909251B6C455F00085FB6;
			productRefGroup = AC79092F1B6C455F00085FB6 /* Products */;
			projectDirPath = "";
			projectRoot = "";
			targets = (
				AC79092D1B6C455F00085FB6 /* WeTrain */,
				AC7909451B6C455F00085FB6 /* WeTrainTests */,
			);
		};
/* End PBXProject section */

/* Begin PBXResourcesBuildPhase section */
		AC79092C1B6C455F00085FB6 /* Resources */ = {
			isa = PBXResourcesBuildPhase;
			buildActionMask = 2147483647;
			files = (
				AC8F4A6B1BD5E854003B296D /* IntroTutorial5.xib in Resources */,
				AC7909851B6D710900085FB6 /* Login.Storyboard in Resources */,
				AC79093C1B6C455F00085FB6 /* Main.storyboard in Resources */,
				AC7909411B6C455F00085FB6 /* LaunchScreen.xib in Resources */,
				AC0503801BC82541008022BD /* IntroTutorial4.xib in Resources */,
				AC05037C1BC8242F008022BD /* IntroTutorial3.xib in Resources */,
				AC0503791BC8242F008022BD /* IntroTutorial0.xib in Resources */,
				AC8CCD7B1BC8075100675036 /* LocationPhiladelphia.gpx in Resources */,
				AC05037B1BC8242F008022BD /* IntroTutorial2.xib in Resources */,
				AC51D1761B84BBFF00E1DF02 /* main.js in Resources */,
				AC05037A1BC8242F008022BD /* IntroTutorial1.xib in Resources */,
				AC79093E1B6C455F00085FB6 /* Images.xcassets in Resources */,
				AC8CCD7A1BC8075100675036 /* LocationParis.gpx in Resources */,
			);
			runOnlyForDeploymentPostprocessing = 0;
		};
		AC7909441B6C455F00085FB6 /* Resources */ = {
			isa = PBXResourcesBuildPhase;
			buildActionMask = 2147483647;
			files = (
			);
			runOnlyForDeploymentPostprocessing = 0;
		};
/* End PBXResourcesBuildPhase section */

/* Begin PBXShellScriptBuildPhase section */
		6EBD1DF4AC39DA492E6B9C2C /* Check Pods Manifest.lock */ = {
			isa = PBXShellScriptBuildPhase;
			buildActionMask = 2147483647;
			files = (
			);
			inputPaths = (
			);
			name = "Check Pods Manifest.lock";
			outputPaths = (
			);
			runOnlyForDeploymentPostprocessing = 0;
			shellPath = /bin/sh;
			shellScript = "diff \"${PODS_ROOT}/../Podfile.lock\" \"${PODS_ROOT}/Manifest.lock\" > /dev/null\nif [[ $? != 0 ]] ; then\n    cat << EOM\nerror: The sandbox is not in sync with the Podfile.lock. Run 'pod install' or update your CocoaPods installation.\nEOM\n    exit 1\nfi\n";
			showEnvVarsInLog = 0;
		};
		89182CAEB27D001028408047 /* Copy Pods Resources */ = {
			isa = PBXShellScriptBuildPhase;
			buildActionMask = 2147483647;
			files = (
			);
			inputPaths = (
			);
			name = "Copy Pods Resources";
			outputPaths = (
			);
			runOnlyForDeploymentPostprocessing = 0;
			shellPath = /bin/sh;
			shellScript = "\"${SRCROOT}/Pods/Target Support Files/Pods/Pods-resources.sh\"\n";
			showEnvVarsInLog = 0;
		};
		AC79097B1B6D547D00085FB6 /* ShellScript */ = {
			isa = PBXShellScriptBuildPhase;
			buildActionMask = 2147483647;
			files = (
			);
			inputPaths = (
			);
			outputPaths = (
			);
			runOnlyForDeploymentPostprocessing = 0;
			shellPath = /bin/sh;
			shellScript = "./Fabric.framework/run 70160b7dec925a91c6fe09e38bf1f8659c1eda41 0fa711cea5cca0c6a4b57c1a8955f0518514bfdd7a9e6f28b3eca2c60d905a9c";
		};
/* End PBXShellScriptBuildPhase section */

/* Begin PBXSourcesBuildPhase section */
		AC79092A1B6C455F00085FB6 /* Sources */ = {
			isa = PBXSourcesBuildPhase;
			buildActionMask = 2147483647;
			files = (
				ACA6B8ED1B6E4F0600AAA992 /* LoginViewController.swift in Sources */,
				AC7909371B6C455F00085FB6 /* Model.xcdatamodeld in Sources */,
				AC8F4A651BD5C1C7003B296D /* TrainingLengthViewController.swift in Sources */,
				AC7909341B6C455F00085FB6 /* AppDelegate.swift in Sources */,
				AC51D1741B84A57B00E1DF02 /* FeedbackViewController.swift in Sources */,
				ACA6B8EF1B6E62B800AAA992 /* TrainingRequestViewController.swift in Sources */,
				AC7909831B6D618C00085FB6 /* MapViewController.swift in Sources */,
				AC235FF91BB51F06000AEA40 /* SignupViewController.swift in Sources */,
				AC9760EF1B7167F70060D5D1 /* TrainerProfileViewController.swift in Sources */,
				AC8F4A671BD5CF20003B296D /* UserInfoViewController.swift in Sources */,
				AC8F4A691BD5E3B4003B296D /* TutorialViewController.swift in Sources */,
				AC4FDFC71B6EF88700A4EBDD /* CreditCardViewController.swift in Sources */,
				AC6FB2CB1B82272E004109B6 /* RequestStatusViewController.swift in Sources */,
				ACA6B8F31B6EE81A00AAA992 /* SettingsViewController.swift in Sources */,
				AC0503741BC82426008022BD /* TutorialScrollView.m in Sources */,
				AC9F6F771BBE2C8000F91B92 /* Constants.swift in Sources */,
				ACE69C5C1BDD345400128687 /* ProgressView.swift in Sources */,
				AC0558521BB79ED80065D21E /* UIViewController+Utils.swift in Sources */,
				AC463FB61B95F3F500935F45 /* NSString+ValidateEmail.m in Sources */,
			);
			runOnlyForDeploymentPostprocessing = 0;
		};
		AC7909421B6C455F00085FB6 /* Sources */ = {
			isa = PBXSourcesBuildPhase;
			buildActionMask = 2147483647;
			files = (
				AC79094D1B6C455F00085FB6 /* WeTrainTests.swift in Sources */,
			);
			runOnlyForDeploymentPostprocessing = 0;
		};
/* End PBXSourcesBuildPhase section */

/* Begin PBXTargetDependency section */
		AC7909481B6C455F00085FB6 /* PBXTargetDependency */ = {
			isa = PBXTargetDependency;
			target = AC79092D1B6C455F00085FB6 /* WeTrain */;
			targetProxy = AC7909471B6C455F00085FB6 /* PBXContainerItemProxy */;
		};
/* End PBXTargetDependency section */

/* Begin PBXVariantGroup section */
		AC79093A1B6C455F00085FB6 /* Main.storyboard */ = {
			isa = PBXVariantGroup;
			children = (
				AC79093B1B6C455F00085FB6 /* Base */,
			);
			name = Main.storyboard;
			sourceTree = "<group>";
		};
		AC79093F1B6C455F00085FB6 /* LaunchScreen.xib */ = {
			isa = PBXVariantGroup;
			children = (
				AC7909401B6C455F00085FB6 /* Base */,
			);
			name = LaunchScreen.xib;
			sourceTree = "<group>";
		};
/* End PBXVariantGroup section */

/* Begin XCBuildConfiguration section */
		AC79094E1B6C455F00085FB6 /* Debug */ = {
			isa = XCBuildConfiguration;
			buildSettings = {
				ALWAYS_SEARCH_USER_PATHS = NO;
				CLANG_CXX_LANGUAGE_STANDARD = "gnu++0x";
				CLANG_CXX_LIBRARY = "libc++";
				CLANG_ENABLE_MODULES = YES;
				CLANG_ENABLE_OBJC_ARC = YES;
				CLANG_WARN_BOOL_CONVERSION = YES;
				CLANG_WARN_CONSTANT_CONVERSION = YES;
				CLANG_WARN_DIRECT_OBJC_ISA_USAGE = YES_ERROR;
				CLANG_WARN_EMPTY_BODY = YES;
				CLANG_WARN_ENUM_CONVERSION = YES;
				CLANG_WARN_INT_CONVERSION = YES;
				CLANG_WARN_OBJC_ROOT_CLASS = YES_ERROR;
				CLANG_WARN_UNREACHABLE_CODE = YES;
				CLANG_WARN__DUPLICATE_METHOD_MATCH = YES;
				"CODE_SIGN_IDENTITY[sdk=iphoneos*]" = "iPhone Developer";
				COPY_PHASE_STRIP = NO;
				DEBUG_INFORMATION_FORMAT = "dwarf-with-dsym";
				ENABLE_STRICT_OBJC_MSGSEND = YES;
				ENABLE_TESTABILITY = YES;
				GCC_C_LANGUAGE_STANDARD = gnu99;
				GCC_DYNAMIC_NO_PIC = NO;
				GCC_NO_COMMON_BLOCKS = YES;
				GCC_OPTIMIZATION_LEVEL = 0;
				GCC_PREPROCESSOR_DEFINITIONS = (
					"DEBUG=1",
					"$(inherited)",
				);
				GCC_SYMBOLS_PRIVATE_EXTERN = NO;
				GCC_WARN_64_TO_32_BIT_CONVERSION = YES;
				GCC_WARN_ABOUT_RETURN_TYPE = YES_ERROR;
				GCC_WARN_UNDECLARED_SELECTOR = YES;
				GCC_WARN_UNINITIALIZED_AUTOS = YES_AGGRESSIVE;
				GCC_WARN_UNUSED_FUNCTION = YES;
				GCC_WARN_UNUSED_VARIABLE = YES;
				IPHONEOS_DEPLOYMENT_TARGET = 8.4;
				MTL_ENABLE_DEBUG_INFO = YES;
				ONLY_ACTIVE_ARCH = YES;
				SDKROOT = iphoneos;
				SWIFT_OPTIMIZATION_LEVEL = "-Onone";
			};
			name = Debug;
		};
		AC79094F1B6C455F00085FB6 /* Release */ = {
			isa = XCBuildConfiguration;
			buildSettings = {
				ALWAYS_SEARCH_USER_PATHS = NO;
				CLANG_CXX_LANGUAGE_STANDARD = "gnu++0x";
				CLANG_CXX_LIBRARY = "libc++";
				CLANG_ENABLE_MODULES = YES;
				CLANG_ENABLE_OBJC_ARC = YES;
				CLANG_WARN_BOOL_CONVERSION = YES;
				CLANG_WARN_CONSTANT_CONVERSION = YES;
				CLANG_WARN_DIRECT_OBJC_ISA_USAGE = YES_ERROR;
				CLANG_WARN_EMPTY_BODY = YES;
				CLANG_WARN_ENUM_CONVERSION = YES;
				CLANG_WARN_INT_CONVERSION = YES;
				CLANG_WARN_OBJC_ROOT_CLASS = YES_ERROR;
				CLANG_WARN_UNREACHABLE_CODE = YES;
				CLANG_WARN__DUPLICATE_METHOD_MATCH = YES;
				"CODE_SIGN_IDENTITY[sdk=iphoneos*]" = "iPhone Developer";
				COPY_PHASE_STRIP = NO;
				DEBUG_INFORMATION_FORMAT = "dwarf-with-dsym";
				ENABLE_NS_ASSERTIONS = NO;
				ENABLE_STRICT_OBJC_MSGSEND = YES;
				GCC_C_LANGUAGE_STANDARD = gnu99;
				GCC_NO_COMMON_BLOCKS = YES;
				GCC_WARN_64_TO_32_BIT_CONVERSION = YES;
				GCC_WARN_ABOUT_RETURN_TYPE = YES_ERROR;
				GCC_WARN_UNDECLARED_SELECTOR = YES;
				GCC_WARN_UNINITIALIZED_AUTOS = YES_AGGRESSIVE;
				GCC_WARN_UNUSED_FUNCTION = YES;
				GCC_WARN_UNUSED_VARIABLE = YES;
				IPHONEOS_DEPLOYMENT_TARGET = 8.4;
				MTL_ENABLE_DEBUG_INFO = NO;
				SDKROOT = iphoneos;
				VALIDATE_PRODUCT = YES;
			};
			name = Release;
		};
		AC7909511B6C455F00085FB6 /* Debug */ = {
			isa = XCBuildConfiguration;
			baseConfigurationReference = 2161FFB5DEECA8224FEC534E /* Pods.debug.xcconfig */;
			buildSettings = {
				ASSETCATALOG_COMPILER_APPICON_NAME = AppIcon;
				CLANG_ENABLE_MODULES = YES;
				CODE_SIGN_ENTITLEMENTS = "";
				CODE_SIGN_IDENTITY = "iPhone Developer: Bobby Ren (D7D4KH399W)";
				ENABLE_BITCODE = NO;
				FRAMEWORK_SEARCH_PATHS = (
					"$(inherited)",
					"$(PROJECT_DIR)",
				);
				INFOPLIST_FILE = WeTrain/Info.plist;
				IPHONEOS_DEPLOYMENT_TARGET = 8.0;
				LD_RUNPATH_SEARCH_PATHS = "$(inherited) @executable_path/Frameworks";
				PRODUCT_BUNDLE_IDENTIFIER = com.wetrain.app.client;
				PRODUCT_NAME = WeTrain;
				PROVISIONING_PROFILE = "90b9727a-1f6f-4c04-a35f-d79dadfd574a";
				SWIFT_OBJC_BRIDGING_HEADER = "WeTrain/WeTrain-Bridging-Header.h";
				SWIFT_OPTIMIZATION_LEVEL = "-Onone";
				TARGETED_DEVICE_FAMILY = 1;
			};
			name = Debug;
		};
		AC7909521B6C455F00085FB6 /* Release */ = {
			isa = XCBuildConfiguration;
			baseConfigurationReference = C5FF6A4040152AFBAF0CF503 /* Pods.release.xcconfig */;
			buildSettings = {
				ASSETCATALOG_COMPILER_APPICON_NAME = AppIcon;
				CLANG_ENABLE_MODULES = YES;
				CODE_SIGN_ENTITLEMENTS = "";
				CODE_SIGN_IDENTITY = "iPhone Distribution: Bobby Ren (46R7H433J6)";
				ENABLE_BITCODE = NO;
				FRAMEWORK_SEARCH_PATHS = (
					"$(inherited)",
					"$(PROJECT_DIR)",
				);
				INFOPLIST_FILE = WeTrain/Info.plist;
				IPHONEOS_DEPLOYMENT_TARGET = 8.0;
				LD_RUNPATH_SEARCH_PATHS = "$(inherited) @executable_path/Frameworks";
				PRODUCT_BUNDLE_IDENTIFIER = com.wetrain.app.client;
				PRODUCT_NAME = WeTrain;
				PROVISIONING_PROFILE = "011ac624-7a5f-4f6c-8a42-fb6d7b7a0879";
				SWIFT_OBJC_BRIDGING_HEADER = "WeTrain/WeTrain-Bridging-Header.h";
				TARGETED_DEVICE_FAMILY = 1;
			};
			name = Release;
		};
		AC7909541B6C455F00085FB6 /* Debug */ = {
			isa = XCBuildConfiguration;
			buildSettings = {
				BUNDLE_LOADER = "$(TEST_HOST)";
				FRAMEWORK_SEARCH_PATHS = (
					"$(SDKROOT)/Developer/Library/Frameworks",
					"$(inherited)",
				);
				GCC_PREPROCESSOR_DEFINITIONS = (
					"DEBUG=1",
					"$(inherited)",
				);
				INFOPLIST_FILE = WeTrainTests/Info.plist;
				LD_RUNPATH_SEARCH_PATHS = "$(inherited) @executable_path/Frameworks @loader_path/Frameworks";
				PRODUCT_BUNDLE_IDENTIFIER = "tech.bobbyren.WeTrain.$(PRODUCT_NAME:rfc1034identifier)";
				PRODUCT_NAME = WeTrainTests;
				TEST_HOST = "$(BUILT_PRODUCTS_DIR)/WeTrain.app/WeTrain";
			};
			name = Debug;
		};
		AC7909551B6C455F00085FB6 /* Release */ = {
			isa = XCBuildConfiguration;
			buildSettings = {
				BUNDLE_LOADER = "$(TEST_HOST)";
				FRAMEWORK_SEARCH_PATHS = (
					"$(SDKROOT)/Developer/Library/Frameworks",
					"$(inherited)",
				);
				INFOPLIST_FILE = WeTrainTests/Info.plist;
				LD_RUNPATH_SEARCH_PATHS = "$(inherited) @executable_path/Frameworks @loader_path/Frameworks";
				PRODUCT_BUNDLE_IDENTIFIER = "tech.bobbyren.WeTrain.$(PRODUCT_NAME:rfc1034identifier)";
				PRODUCT_NAME = WeTrainTests;
				TEST_HOST = "$(BUILT_PRODUCTS_DIR)/WeTrain.app/WeTrain";
			};
			name = Release;
		};
/* End XCBuildConfiguration section */

/* Begin XCConfigurationList section */
		AC7909291B6C455F00085FB6 /* Build configuration list for PBXProject "WeTrain" */ = {
			isa = XCConfigurationList;
			buildConfigurations = (
				AC79094E1B6C455F00085FB6 /* Debug */,
				AC79094F1B6C455F00085FB6 /* Release */,
			);
			defaultConfigurationIsVisible = 0;
			defaultConfigurationName = Release;
		};
		AC7909501B6C455F00085FB6 /* Build configuration list for PBXNativeTarget "WeTrain" */ = {
			isa = XCConfigurationList;
			buildConfigurations = (
				AC7909511B6C455F00085FB6 /* Debug */,
				AC7909521B6C455F00085FB6 /* Release */,
			);
			defaultConfigurationIsVisible = 0;
			defaultConfigurationName = Release;
		};
		AC7909531B6C455F00085FB6 /* Build configuration list for PBXNativeTarget "WeTrainTests" */ = {
			isa = XCConfigurationList;
			buildConfigurations = (
				AC7909541B6C455F00085FB6 /* Debug */,
				AC7909551B6C455F00085FB6 /* Release */,
			);
			defaultConfigurationIsVisible = 0;
			defaultConfigurationName = Release;
		};
/* End XCConfigurationList section */

/* Begin XCVersionGroup section */
		AC7909351B6C455F00085FB6 /* Model.xcdatamodeld */ = {
			isa = XCVersionGroup;
			children = (
				AC7909361B6C455F00085FB6 /* Model.xcdatamodel */,
			);
			currentVersion = AC7909361B6C455F00085FB6 /* Model.xcdatamodel */;
			path = Model.xcdatamodeld;
			sourceTree = "<group>";
			versionGroupType = wrapper.xcdatamodel;
		};
/* End XCVersionGroup section */
	};
	rootObject = AC7909261B6C455F00085FB6 /* Project object */;
}
