PODS:
  - Bolts/Tasks (1.5.1)
  - Crashlytics (3.4.1):
    - Fabric (~> 1.6.0)
  - Fabric (1.6.1)
  - Parse (1.11.0):
    - Bolts/Tasks (~> 1.5)

DEPENDENCIES:
  - Crashlytics
  - Fabric
  - Parse

SPEC CHECKSUMS:
  Bolts: a12663244b1d3351c738882e71902fc74db54f64
  Crashlytics: 41574a245bc6ae10c55d57f385ebd2004e5bee05
  Fabric: bf0ceb04e7c924090efc5f8c55e4fbcca189e0a0
  Parse: 886af46a0a677402f6374bb97ac212e795f70afe

COCOAPODS: 0.39.0
